
Microsoft Visual Studio Solution File, Format Version 12.00
# Visual Studio Version 17
VisualStudioVersion = 17.6.33723.286
MinimumVisualStudioVersion = 10.0.40219.1
Project("{FAE04EC0-301F-11D3-BF4B-00C04F79EFBC}") = "E_Shop", "E_Shop.csproj", "{EE6975A4-E1A8-4CD2-BB4D-C13E452FB63B}"
EndProject
Project("{FAE04EC0-301F-11D3-BF4B-00C04F79EFBC}") = "E_Shop.Models", "..\E_Shop.Models\E_Shop.Models.csproj", "{0756AD21-3B66-4D95-AFA1-DAB0810C5790}"
EndProject
Project("{FAE04EC0-301F-11D3-BF4B-00C04F79EFBC}") = "E_Shop.Databse", "..\E_Shop.Databse\E_Shop.Databse.csproj", "{A13152C1-521E-484B-8BA2-DD3BD829E56D}"
EndProject
Project("{FAE04EC0-301F-11D3-BF4B-00C04F79EFBC}") = "E_Shop.Repository", "..\E_Shop.Repository\E_Shop.Repository.csproj", "{A217FA88-2407-4383-B298-43BB08BB7242}"
EndProject
Project("{FAE04EC0-301F-11D3-BF4B-00C04F79EFBC}") = "E_Shop.Services", "..\E_Shop.Services\E_Shop.Services.csproj", "{20550424-71B9-463C-9CCF-A1B2396BE1C9}"
EndProject
Global
	GlobalSection(SolutionConfigurationPlatforms) = preSolution
		Debug|Any CPU = Debug|Any CPU
		Release|Any CPU = Release|Any CPU
	EndGlobalSection
	GlobalSection(ProjectConfigurationPlatforms) = postSolution
		{EE6975A4-E1A8-4CD2-BB4D-C13E452FB63B}.Debug|Any CPU.ActiveCfg = Debug|Any CPU
		{EE6975A4-E1A8-4CD2-BB4D-C13E452FB63B}.Debug|Any CPU.Build.0 = Debug|Any CPU
		{EE6975A4-E1A8-4CD2-BB4D-C13E452FB63B}.Release|Any CPU.ActiveCfg = Release|Any CPU
		{EE6975A4-E1A8-4CD2-BB4D-C13E452FB63B}.Release|Any CPU.Build.0 = Release|Any CPU
		{0756AD21-3B66-4D95-AFA1-DAB0810C5790}.Debug|Any CPU.ActiveCfg = Debug|Any CPU
		{0756AD21-3B66-4D95-AFA1-DAB0810C5790}.Debug|Any CPU.Build.0 = Debug|Any CPU
		{0756AD21-3B66-4D95-AFA1-DAB0810C5790}.Release|Any CPU.ActiveCfg = Release|Any CPU
		{0756AD21-3B66-4D95-AFA1-DAB0810C5790}.Release|Any CPU.Build.0 = Release|Any CPU
		{A13152C1-521E-484B-8BA2-DD3BD829E56D}.Debug|Any CPU.ActiveCfg = Debug|Any CPU
		{A13152C1-521E-484B-8BA2-DD3BD829E56D}.Debug|Any CPU.Build.0 = Debug|Any CPU
		{A13152C1-521E-484B-8BA2-DD3BD829E56D}.Release|Any CPU.ActiveCfg = Release|Any CPU
		{A13152C1-521E-484B-8BA2-DD3BD829E56D}.Release|Any CPU.Build.0 = Release|Any CPU
		{A217FA88-2407-4383-B298-43BB08BB7242}.Debug|Any CPU.ActiveCfg = Debug|Any CPU
		{A217FA88-2407-4383-B298-43BB08BB7242}.Debug|Any CPU.Build.0 = Debug|Any CPU
		{A217FA88-2407-4383-B298-43BB08BB7242}.Release|Any CPU.ActiveCfg = Release|Any CPU
		{A217FA88-2407-4383-B298-43BB08BB7242}.Release|Any CPU.Build.0 = Release|Any CPU
		{20550424-71B9-463C-9CCF-A1B2396BE1C9}.Debug|Any CPU.ActiveCfg = Debug|Any CPU
		{20550424-71B9-463C-9CCF-A1B2396BE1C9}.Debug|Any CPU.Build.0 = Debug|Any CPU
		{20550424-71B9-463C-9CCF-A1B2396BE1C9}.Release|Any CPU.ActiveCfg = Release|Any CPU
		{20550424-71B9-463C-9CCF-A1B2396BE1C9}.Release|Any CPU.Build.0 = Release|Any CPU
	EndGlobalSection
	GlobalSection(SolutionProperties) = preSolution
		HideSolutionNode = FALSE
	EndGlobalSection
	GlobalSection(ExtensibilityGlobals) = postSolution
		SolutionGuid = {0E61F681-FC52-45CA-BF6A-168542AEE70A}
	EndGlobalSection
EndGlobal
